// !$*UTF8*$!
{
	archiveVersion = 1;
	classes = {
	};
	objectVersion = 56;
	objects = {

/* Begin PBXBuildFile section */
		C930F5012B76DE53004A7F0B /* CovidCTApp.swift in Sources */ = {isa = PBXBuildFile; fileRef = C930F5002B76DE53004A7F0B /* CovidCTApp.swift */; };
		C930F5032B76DE53004A7F0B /* ContentView.swift in Sources */ = {isa = PBXBuildFile; fileRef = C930F5022B76DE53004A7F0B /* ContentView.swift */; };
		C930F5052B76DE54004A7F0B /* Assets.xcassets in Resources */ = {isa = PBXBuildFile; fileRef = C930F5042B76DE54004A7F0B /* Assets.xcassets */; };
		C930F5082B76DE54004A7F0B /* Preview Assets.xcassets in Resources */ = {isa = PBXBuildFile; fileRef = C930F5072B76DE54004A7F0B /* Preview Assets.xcassets */; };
		C930F50A2B76DE54004A7F0B /* Persistence.swift in Sources */ = {isa = PBXBuildFile; fileRef = C930F5092B76DE54004A7F0B /* Persistence.swift */; };
		C930F50D2B76DE54004A7F0B /* CovidCT.xcdatamodeld in Sources */ = {isa = PBXBuildFile; fileRef = C930F50B2B76DE54004A7F0B /* CovidCT.xcdatamodeld */; };
		C930F5172B76DE54004A7F0B /* CovidCTTests.swift in Sources */ = {isa = PBXBuildFile; fileRef = C930F5162B76DE54004A7F0B /* CovidCTTests.swift */; };
		C930F5212B76DE54004A7F0B /* CovidCTUITests.swift in Sources */ = {isa = PBXBuildFile; fileRef = C930F5202B76DE54004A7F0B /* CovidCTUITests.swift */; };
		C930F5232B76DE54004A7F0B /* CovidCTUITestsLaunchTests.swift in Sources */ = {isa = PBXBuildFile; fileRef = C930F5222B76DE54004A7F0B /* CovidCTUITestsLaunchTests.swift */; };
/* End PBXBuildFile section */

/* Begin PBXContainerItemProxy section */
		C930F5132B76DE54004A7F0B /* PBXContainerItemProxy */ = {
			isa = PBXContainerItemProxy;
			containerPortal = C930F4F52B76DE53004A7F0B /* Project object */;
			proxyType = 1;
			remoteGlobalIDString = C930F4FC2B76DE53004A7F0B;
			remoteInfo = CovidCT;
		};
		C930F51D2B76DE54004A7F0B /* PBXContainerItemProxy */ = {
			isa = PBXContainerItemProxy;
			containerPortal = C930F4F52B76DE53004A7F0B /* Project object */;
			proxyType = 1;
			remoteGlobalIDString = C930F4FC2B76DE53004A7F0B;
			remoteInfo = CovidCT;
		};
/* End PBXContainerItemProxy section */

/* Begin PBXFileReference section */
		C930F4FD2B76DE53004A7F0B /* CovidCT.app */ = {isa = PBXFileReference; explicitFileType = wrapper.application; includeInIndex = 0; path = CovidCT.app; sourceTree = BUILT_PRODUCTS_DIR; };
		C930F5002B76DE53004A7F0B /* CovidCTApp.swift */ = {isa = PBXFileReference; lastKnownFileType = sourcecode.swift; path = CovidCTApp.swift; sourceTree = "<group>"; };
		C930F5022B76DE53004A7F0B /* ContentView.swift */ = {isa = PBXFileReference; lastKnownFileType = sourcecode.swift; path = ContentView.swift; sourceTree = "<group>"; };
		C930F5042B76DE54004A7F0B /* Assets.xcassets */ = {isa = PBXFileReference; lastKnownFileType = folder.assetcatalog; path = Assets.xcassets; sourceTree = "<group>"; };
		C930F5072B76DE54004A7F0B /* Preview Assets.xcassets */ = {isa = PBXFileReference; lastKnownFileType = folder.assetcatalog; path = "Preview Assets.xcassets"; sourceTree = "<group>"; };
		C930F5092B76DE54004A7F0B /* Persistence.swift */ = {isa = PBXFileReference; lastKnownFileType = sourcecode.swift; path = Persistence.swift; sourceTree = "<group>"; };
		C930F50C2B76DE54004A7F0B /* CovidCT.xcdatamodel */ = {isa = PBXFileReference; lastKnownFileType = wrapper.xcdatamodel; path = CovidCT.xcdatamodel; sourceTree = "<group>"; };
		C930F5122B76DE54004A7F0B /* CovidCTTests.xctest */ = {isa = PBXFileReference; explicitFileType = wrapper.cfbundle; includeInIndex = 0; path = CovidCTTests.xctest; sourceTree = BUILT_PRODUCTS_DIR; };
		C930F5162B76DE54004A7F0B /* CovidCTTests.swift */ = {isa = PBXFileReference; lastKnownFileType = sourcecode.swift; path = CovidCTTests.swift; sourceTree = "<group>"; };
		C930F51C2B76DE54004A7F0B /* CovidCTUITests.xctest */ = {isa = PBXFileReference; explicitFileType = wrapper.cfbundle; includeInIndex = 0; path = CovidCTUITests.xctest; sourceTree = BUILT_PRODUCTS_DIR; };
		C930F5202B76DE54004A7F0B /* CovidCTUITests.swift */ = {isa = PBXFileReference; lastKnownFileType = sourcecode.swift; path = CovidCTUITests.swift; sourceTree = "<group>"; };
		C930F5222B76DE54004A7F0B /* CovidCTUITestsLaunchTests.swift */ = {isa = PBXFileReference; lastKnownFileType = sourcecode.swift; path = CovidCTUITestsLaunchTests.swift; sourceTree = "<group>"; };
/* End PBXFileReference section */

/* Begin PBXFrameworksBuildPhase section */
		C930F4FA2B76DE53004A7F0B /* Frameworks */ = {
			isa = PBXFrameworksBuildPhase;
			buildActionMask = 2147483647;
			files = (
			);
			runOnlyForDeploymentPostprocessing = 0;
		};
		C930F50F2B76DE54004A7F0B /* Frameworks */ = {
			isa = PBXFrameworksBuildPhase;
			buildActionMask = 2147483647;
			files = (
			);
			runOnlyForDeploymentPostprocessing = 0;
		};
		C930F5192B76DE54004A7F0B /* Frameworks */ = {
			isa = PBXFrameworksBuildPhase;
			buildActionMask = 2147483647;
			files = (
			);
			runOnlyForDeploymentPostprocessing = 0;
		};
/* End PBXFrameworksBuildPhase section */

/* Begin PBXGroup section */
		C930F4F42B76DE53004A7F0B = {
			isa = PBXGroup;
			children = (
				C930F4FF2B76DE53004A7F0B /* CovidCT */,
				C930F5152B76DE54004A7F0B /* CovidCTTests */,
				C930F51F2B76DE54004A7F0B /* CovidCTUITests */,
				C930F4FE2B76DE53004A7F0B /* Products */,
			);
			sourceTree = "<group>";
		};
		C930F4FE2B76DE53004A7F0B /* Products */ = {
			isa = PBXGroup;
			children = (
				C930F4FD2B76DE53004A7F0B /* CovidCT.app */,
				C930F5122B76DE54004A7F0B /* CovidCTTests.xctest */,
				C930F51C2B76DE54004A7F0B /* CovidCTUITests.xctest */,
			);
			name = Products;
			sourceTree = "<group>";
		};
		C930F4FF2B76DE53004A7F0B /* CovidCT */ = {
			isa = PBXGroup;
			children = (
				C930F5002B76DE53004A7F0B /* CovidCTApp.swift */,
				C930F5022B76DE53004A7F0B /* ContentView.swift */,
				C930F5042B76DE54004A7F0B /* Assets.xcassets */,
				C930F5092B76DE54004A7F0B /* Persistence.swift */,
				C930F50B2B76DE54004A7F0B /* CovidCT.xcdatamodeld */,
				C930F5062B76DE54004A7F0B /* Preview Content */,
			);
			path = CovidCT;
			sourceTree = "<group>";
		};
		C930F5062B76DE54004A7F0B /* Preview Content */ = {
			isa = PBXGroup;
			children = (
				C930F5072B76DE54004A7F0B /* Preview Assets.xcassets */,
			);
			path = "Preview Content";
			sourceTree = "<group>";
		};
		C930F5152B76DE54004A7F0B /* CovidCTTests */ = {
			isa = PBXGroup;
			children = (
				C930F5162B76DE54004A7F0B /* CovidCTTests.swift */,
			);
			path = CovidCTTests;
			sourceTree = "<group>";
		};
		C930F51F2B76DE54004A7F0B /* CovidCTUITests */ = {
			isa = PBXGroup;
			children = (
				C930F5202B76DE54004A7F0B /* CovidCTUITests.swift */,
				C930F5222B76DE54004A7F0B /* CovidCTUITestsLaunchTests.swift */,
			);
			path = CovidCTUITests;
			sourceTree = "<group>";
		};
/* End PBXGroup section */

/* Begin PBXNativeTarget section */
		C930F4FC2B76DE53004A7F0B /* CovidCT */ = {
			isa = PBXNativeTarget;
			buildConfigurationList = C930F5262B76DE54004A7F0B /* Build configuration list for PBXNativeTarget "CovidCT" */;
			buildPhases = (
				C930F4F92B76DE53004A7F0B /* Sources */,
				C930F4FA2B76DE53004A7F0B /* Frameworks */,
				C930F4FB2B76DE53004A7F0B /* Resources */,
			);
			buildRules = (
			);
			dependencies = (
			);
			name = CovidCT;
			productName = CovidCT;
			productReference = C930F4FD2B76DE53004A7F0B /* CovidCT.app */;
			productType = "com.apple.product-type.application";
		};
		C930F5112B76DE54004A7F0B /* CovidCTTests */ = {
			isa = PBXNativeTarget;
			buildConfigurationList = C930F5292B76DE54004A7F0B /* Build configuration list for PBXNativeTarget "CovidCTTests" */;
			buildPhases = (
				C930F50E2B76DE54004A7F0B /* Sources */,
				C930F50F2B76DE54004A7F0B /* Frameworks */,
				C930F5102B76DE54004A7F0B /* Resources */,
			);
			buildRules = (
			);
			dependencies = (
				C930F5142B76DE54004A7F0B /* PBXTargetDependency */,
			);
			name = CovidCTTests;
			productName = CovidCTTests;
			productReference = C930F5122B76DE54004A7F0B /* CovidCTTests.xctest */;
			productType = "com.apple.product-type.bundle.unit-test";
		};
		C930F51B2B76DE54004A7F0B /* CovidCTUITests */ = {
			isa = PBXNativeTarget;
			buildConfigurationList = C930F52C2B76DE54004A7F0B /* Build configuration list for PBXNativeTarget "CovidCTUITests" */;
			buildPhases = (
				C930F5182B76DE54004A7F0B /* Sources */,
				C930F5192B76DE54004A7F0B /* Frameworks */,
				C930F51A2B76DE54004A7F0B /* Resources */,
			);
			buildRules = (
			);
			dependencies = (
				C930F51E2B76DE54004A7F0B /* PBXTargetDependency */,
			);
			name = CovidCTUITests;
			productName = CovidCTUITests;
			productReference = C930F51C2B76DE54004A7F0B /* CovidCTUITests.xctest */;
			productType = "com.apple.product-type.bundle.ui-testing";
		};
/* End PBXNativeTarget section */

/* Begin PBXProject section */
		C930F4F52B76DE53004A7F0B /* Project object */ = {
			isa = PBXProject;
			attributes = {
				BuildIndependentTargetsInParallel = 1;
				LastSwiftUpdateCheck = 1520;
				LastUpgradeCheck = 1520;
				TargetAttributes = {
					C930F4FC2B76DE53004A7F0B = {
						CreatedOnToolsVersion = 15.2;
					};
					C930F5112B76DE54004A7F0B = {
						CreatedOnToolsVersion = 15.2;
						TestTargetID = C930F4FC2B76DE53004A7F0B;
					};
					C930F51B2B76DE54004A7F0B = {
						CreatedOnToolsVersion = 15.2;
						TestTargetID = C930F4FC2B76DE53004A7F0B;
					};
				};
			};
			buildConfigurationList = C930F4F82B76DE53004A7F0B /* Build configuration list for PBXProject "CovidCT" */;
			compatibilityVersion = "Xcode 14.0";
			developmentRegion = en;
			hasScannedForEncodings = 0;
			knownRegions = (
				en,
				Base,
			);
			mainGroup = C930F4F42B76DE53004A7F0B;
			productRefGroup = C930F4FE2B76DE53004A7F0B /* Products */;
			projectDirPath = "";
			projectRoot = "";
			targets = (
				C930F4FC2B76DE53004A7F0B /* CovidCT */,
				C930F5112B76DE54004A7F0B /* CovidCTTests */,
				C930F51B2B76DE54004A7F0B /* CovidCTUITests */,
			);
		};
/* End PBXProject section */

/* Begin PBXResourcesBuildPhase section */
		C930F4FB2B76DE53004A7F0B /* Resources */ = {
			isa = PBXResourcesBuildPhase;
			buildActionMask = 2147483647;
			files = (
				C930F5082B76DE54004A7F0B /* Preview Assets.xcassets in Resources */,
				C930F5052B76DE54004A7F0B /* Assets.xcassets in Resources */,
			);
			runOnlyForDeploymentPostprocessing = 0;
		};
		C930F5102B76DE54004A7F0B /* Resources */ = {
			isa = PBXResourcesBuildPhase;
			buildActionMask = 2147483647;
			files = (
			);
			runOnlyForDeploymentPostprocessing = 0;
		};
		C930F51A2B76DE54004A7F0B /* Resources */ = {
			isa = PBXResourcesBuildPhase;
			buildActionMask = 2147483647;
			files = (
			);
			runOnlyForDeploymentPostprocessing = 0;
		};
/* End PBXResourcesBuildPhase section */

/* Begin PBXSourcesBuildPhase section */
		C930F4F92B76DE53004A7F0B /* Sources */ = {
			isa = PBXSourcesBuildPhase;
			buildActionMask = 2147483647;
			files = (
				C930F50D2B76DE54004A7F0B /* CovidCT.xcdatamodeld in Sources */,
				C930F50A2B76DE54004A7F0B /* Persistence.swift in Sources */,
				C930F5032B76DE53004A7F0B /* ContentView.swift in Sources */,
				C930F5012B76DE53004A7F0B /* CovidCTApp.swift in Sources */,
			);
			runOnlyForDeploymentPostprocessing = 0;
		};
		C930F50E2B76DE54004A7F0B /* Sources */ = {
			isa = PBXSourcesBuildPhase;
			buildActionMask = 2147483647;
			files = (
				C930F5172B76DE54004A7F0B /* CovidCTTests.swift in Sources */,
			);
			runOnlyForDeploymentPostprocessing = 0;
		};
		C930F5182B76DE54004A7F0B /* Sources */ = {
			isa = PBXSourcesBuildPhase;
			buildActionMask = 2147483647;
			files = (
				C930F5212B76DE54004A7F0B /* CovidCTUITests.swift in Sources */,
				C930F5232B76DE54004A7F0B /* CovidCTUITestsLaunchTests.swift in Sources */,
			);
			runOnlyForDeploymentPostprocessing = 0;
		};
/* End PBXSourcesBuildPhase section */

/* Begin PBXTargetDependency section */
		C930F5142B76DE54004A7F0B /* PBXTargetDependency */ = {
			isa = PBXTargetDependency;
			target = C930F4FC2B76DE53004A7F0B /* CovidCT */;
			targetProxy = C930F5132B76DE54004A7F0B /* PBXContainerItemProxy */;
		};
		C930F51E2B76DE54004A7F0B /* PBXTargetDependency */ = {
			isa = PBXTargetDependency;
			target = C930F4FC2B76DE53004A7F0B /* CovidCT */;
			targetProxy = C930F51D2B76DE54004A7F0B /* PBXContainerItemProxy */;
		};
/* End PBXTargetDependency section */

/* Begin XCBuildConfiguration section */
		C930F5242B76DE54004A7F0B /* Debug */ = {
			isa = XCBuildConfiguration;
			buildSettings = {
				ALWAYS_SEARCH_USER_PATHS = NO;
				ASSETCATALOG_COMPILER_GENERATE_SWIFT_ASSET_SYMBOL_EXTENSIONS = YES;
				CLANG_ANALYZER_NONNULL = YES;
				CLANG_ANALYZER_NUMBER_OBJECT_CONVERSION = YES_AGGRESSIVE;
				CLANG_CXX_LANGUAGE_STANDARD = "gnu++20";
				CLANG_ENABLE_MODULES = YES;
				CLANG_ENABLE_OBJC_ARC = YES;
				CLANG_ENABLE_OBJC_WEAK = YES;
				CLANG_WARN_BLOCK_CAPTURE_AUTORELEASING = YES;
				CLANG_WARN_BOOL_CONVERSION = YES;
				CLANG_WARN_COMMA = YES;
				CLANG_WARN_CONSTANT_CONVERSION = YES;
				CLANG_WARN_DEPRECATED_OBJC_IMPLEMENTATIONS = YES;
				CLANG_WARN_DIRECT_OBJC_ISA_USAGE = YES_ERROR;
				CLANG_WARN_DOCUMENTATION_COMMENTS = YES;
				CLANG_WARN_EMPTY_BODY = YES;
				CLANG_WARN_ENUM_CONVERSION = YES;
				CLANG_WARN_INFINITE_RECURSION = YES;
				CLANG_WARN_INT_CONVERSION = YES;
				CLANG_WARN_NON_LITERAL_NULL_CONVERSION = YES;
				CLANG_WARN_OBJC_IMPLICIT_RETAIN_SELF = YES;
				CLANG_WARN_OBJC_LITERAL_CONVERSION = YES;
				CLANG_WARN_OBJC_ROOT_CLASS = YES_ERROR;
				CLANG_WARN_QUOTED_INCLUDE_IN_FRAMEWORK_HEADER = YES;
				CLANG_WARN_RANGE_LOOP_ANALYSIS = YES;
				CLANG_WARN_STRICT_PROTOTYPES = YES;
				CLANG_WARN_SUSPICIOUS_MOVE = YES;
				CLANG_WARN_UNGUARDED_AVAILABILITY = YES_AGGRESSIVE;
				CLANG_WARN_UNREACHABLE_CODE = YES;
				CLANG_WARN__DUPLICATE_METHOD_MATCH = YES;
				COPY_PHASE_STRIP = NO;
				DEBUG_INFORMATION_FORMAT = dwarf;
				ENABLE_STRICT_OBJC_MSGSEND = YES;
				ENABLE_TESTABILITY = YES;
				ENABLE_USER_SCRIPT_SANDBOXING = YES;
				GCC_C_LANGUAGE_STANDARD = gnu17;
				GCC_DYNAMIC_NO_PIC = NO;
				GCC_NO_COMMON_BLOCKS = YES;
				GCC_OPTIMIZATION_LEVEL = 0;
				GCC_PREPROCESSOR_DEFINITIONS = (
					"DEBUG=1",
					"$(inherited)",
				);
				GCC_WARN_64_TO_32_BIT_CONVERSION = YES;
				GCC_WARN_ABOUT_RETURN_TYPE = YES_ERROR;
				GCC_WARN_UNDECLARED_SELECTOR = YES;
				GCC_WARN_UNINITIALIZED_AUTOS = YES_AGGRESSIVE;
				GCC_WARN_UNUSED_FUNCTION = YES;
				GCC_WARN_UNUSED_VARIABLE = YES;
				IPHONEOS_DEPLOYMENT_TARGET = 17.2;
				LOCALIZATION_PREFERS_STRING_CATALOGS = YES;
				MTL_ENABLE_DEBUG_INFO = INCLUDE_SOURCE;
				MTL_FAST_MATH = YES;
				ONLY_ACTIVE_ARCH = YES;
				SDKROOT = iphoneos;
				SWIFT_ACTIVE_COMPILATION_CONDITIONS = "DEBUG $(inherited)";
				SWIFT_OPTIMIZATION_LEVEL = "-Onone";
			};
			name = Debug;
		};
		C930F5252B76DE54004A7F0B /* Release */ = {
			isa = XCBuildConfiguration;
			buildSettings = {
				ALWAYS_SEARCH_USER_PATHS = NO;
				ASSETCATALOG_COMPILER_GENERATE_SWIFT_ASSET_SYMBOL_EXTENSIONS = YES;
				CLANG_ANALYZER_NONNULL = YES;
				CLANG_ANALYZER_NUMBER_OBJECT_CONVERSION = YES_AGGRESSIVE;
				CLANG_CXX_LANGUAGE_STANDARD = "gnu++20";
				CLANG_ENABLE_MODULES = YES;
				CLANG_ENABLE_OBJC_ARC = YES;
				CLANG_ENABLE_OBJC_WEAK = YES;
				CLANG_WARN_BLOCK_CAPTURE_AUTORELEASING = YES;
				CLANG_WARN_BOOL_CONVERSION = YES;
				CLANG_WARN_COMMA = YES;
				CLANG_WARN_CONSTANT_CONVERSION = YES;
				CLANG_WARN_DEPRECATED_OBJC_IMPLEMENTATIONS = YES;
				CLANG_WARN_DIRECT_OBJC_ISA_USAGE = YES_ERROR;
				CLANG_WARN_DOCUMENTATION_COMMENTS = YES;
				CLANG_WARN_EMPTY_BODY = YES;
				CLANG_WARN_ENUM_CONVERSION = YES;
				CLANG_WARN_INFINITE_RECURSION = YES;
				CLANG_WARN_INT_CONVERSION = YES;
				CLANG_WARN_NON_LITERAL_NULL_CONVERSION = YES;
				CLANG_WARN_OBJC_IMPLICIT_RETAIN_SELF = YES;
				CLANG_WARN_OBJC_LITERAL_CONVERSION = YES;
				CLANG_WARN_OBJC_ROOT_CLASS = YES_ERROR;
				CLANG_WARN_QUOTED_INCLUDE_IN_FRAMEWORK_HEADER = YES;
				CLANG_WARN_RANGE_LOOP_ANALYSIS = YES;
				CLANG_WARN_STRICT_PROTOTYPES = YES;
				CLANG_WARN_SUSPICIOUS_MOVE = YES;
				CLANG_WARN_UNGUARDED_AVAILABILITY = YES_AGGRESSIVE;
				CLANG_WARN_UNREACHABLE_CODE = YES;
				CLANG_WARN__DUPLICATE_METHOD_MATCH = YES;
				COPY_PHASE_STRIP = NO;
				DEBUG_INFORMATION_FORMAT = "dwarf-with-dsym";
				ENABLE_NS_ASSERTIONS = NO;
				ENABLE_STRICT_OBJC_MSGSEND = YES;
				ENABLE_USER_SCRIPT_SANDBOXING = YES;
				GCC_C_LANGUAGE_STANDARD = gnu17;
				GCC_NO_COMMON_BLOCKS = YES;
				GCC_WARN_64_TO_32_BIT_CONVERSION = YES;
				GCC_WARN_ABOUT_RETURN_TYPE = YES_ERROR;
				GCC_WARN_UNDECLARED_SELECTOR = YES;
				GCC_WARN_UNINITIALIZED_AUTOS = YES_AGGRESSIVE;
				GCC_WARN_UNUSED_FUNCTION = YES;
				GCC_WARN_UNUSED_VARIABLE = YES;
				IPHONEOS_DEPLOYMENT_TARGET = 17.2;
				LOCALIZATION_PREFERS_STRING_CATALOGS = YES;
				MTL_ENABLE_DEBUG_INFO = NO;
				MTL_FAST_MATH = YES;
				SDKROOT = iphoneos;
				SWIFT_COMPILATION_MODE = wholemodule;
				VALIDATE_PRODUCT = YES;
			};
			name = Release;
		};
		C930F5272B76DE54004A7F0B /* Debug */ = {
			isa = XCBuildConfiguration;
			buildSettings = {
				ASSETCATALOG_COMPILER_APPICON_NAME = AppIcon;
				ASSETCATALOG_COMPILER_GLOBAL_ACCENT_COLOR_NAME = AccentColor;
				CODE_SIGN_STYLE = Automatic;
				CURRENT_PROJECT_VERSION = 1;
				DEVELOPMENT_ASSET_PATHS = "\"CovidCT/Preview Content\"";
				ENABLE_PREVIEWS = YES;
				GENERATE_INFOPLIST_FILE = YES;
				INFOPLIST_KEY_UIApplicationSceneManifest_Generation = YES;
				INFOPLIST_KEY_UIApplicationSupportsIndirectInputEvents = YES;
				INFOPLIST_KEY_UILaunchScreen_Generation = YES;
				INFOPLIST_KEY_UISupportedInterfaceOrientations_iPad = "UIInterfaceOrientationPortrait UIInterfaceOrientationPortraitUpsideDown UIInterfaceOrientationLandscapeLeft UIInterfaceOrientationLandscapeRight";
				INFOPLIST_KEY_UISupportedInterfaceOrientations_iPhone = "UIInterfaceOrientationPortrait UIInterfaceOrientationLandscapeLeft UIInterfaceOrientationLandscapeRight";
				LD_RUNPATH_SEARCH_PATHS = (
					"$(inherited)",
					"@executable_path/Frameworks",
				);
				MARKETING_VERSION = 1.0;
				PRODUCT_BUNDLE_IDENTIFIER = mattkeyzer.CovidCT;
				PRODUCT_NAME = "$(TARGET_NAME)";
				SWIFT_EMIT_LOC_STRINGS = YES;
				SWIFT_VERSION = 5.0;
				TARGETED_DEVICE_FAMILY = "1,2";
			};
			name = Debug;
		};
		C930F5282B76DE54004A7F0B /* Release */ = {
			isa = XCBuildConfiguration;
			buildSettings = {
				ASSETCATALOG_COMPILER_APPICON_NAME = AppIcon;
				ASSETCATALOG_COMPILER_GLOBAL_ACCENT_COLOR_NAME = AccentColor;
				CODE_SIGN_STYLE = Automatic;
				CURRENT_PROJECT_VERSION = 1;
				DEVELOPMENT_ASSET_PATHS = "\"CovidCT/Preview Content\"";
				ENABLE_PREVIEWS = YES;
				GENERATE_INFOPLIST_FILE = YES;
				INFOPLIST_KEY_UIApplicationSceneManifest_Generation = YES;
				INFOPLIST_KEY_UIApplicationSupportsIndirectInputEvents = YES;
				INFOPLIST_KEY_UILaunchScreen_Generation = YES;
				INFOPLIST_KEY_UISupportedInterfaceOrientations_iPad = "UIInterfaceOrientationPortrait UIInterfaceOrientationPortraitUpsideDown UIInterfaceOrientationLandscapeLeft UIInterfaceOrientationLandscapeRight";
				INFOPLIST_KEY_UISupportedInterfaceOrientations_iPhone = "UIInterfaceOrientationPortrait UIInterfaceOrientationLandscapeLeft UIInterfaceOrientationLandscapeRight";
				LD_RUNPATH_SEARCH_PATHS = (
					"$(inherited)",
					"@executable_path/Frameworks",
				);
				MARKETING_VERSION = 1.0;
				PRODUCT_BUNDLE_IDENTIFIER = mattkeyzer.CovidCT;
				PRODUCT_NAME = "$(TARGET_NAME)";
				SWIFT_EMIT_LOC_STRINGS = YES;
				SWIFT_VERSION = 5.0;
				TARGETED_DEVICE_FAMILY = "1,2";
			};
			name = Release;
		};
		C930F52A2B76DE54004A7F0B /* Debug */ = {
			isa = XCBuildConfiguration;
			buildSettings = {
				ALWAYS_EMBED_SWIFT_STANDARD_LIBRARIES = YES;
				BUNDLE_LOADER = "$(TEST_HOST)";
				CODE_SIGN_STYLE = Automatic;
				CURRENT_PROJECT_VERSION = 1;
				GENERATE_INFOPLIST_FILE = YES;
				IPHONEOS_DEPLOYMENT_TARGET = 17.2;
				MARKETING_VERSION = 1.0;
				PRODUCT_BUNDLE_IDENTIFIER = mattkeyzer.CovidCTTests;
				PRODUCT_NAME = "$(TARGET_NAME)";
				SWIFT_EMIT_LOC_STRINGS = NO;
				SWIFT_VERSION = 5.0;
				TARGETED_DEVICE_FAMILY = "1,2";
				TEST_HOST = "$(BUILT_PRODUCTS_DIR)/CovidCT.app/$(BUNDLE_EXECUTABLE_FOLDER_PATH)/CovidCT";
			};
			name = Debug;
		};
		C930F52B2B76DE54004A7F0B /* Release */ = {
			isa = XCBuildConfiguration;
			buildSettings = {
				ALWAYS_EMBED_SWIFT_STANDARD_LIBRARIES = YES;
				BUNDLE_LOADER = "$(TEST_HOST)";
				CODE_SIGN_STYLE = Automatic;
				CURRENT_PROJECT_VERSION = 1;
				GENERATE_INFOPLIST_FILE = YES;
				IPHONEOS_DEPLOYMENT_TARGET = 17.2;
				MARKETING_VERSION = 1.0;
				PRODUCT_BUNDLE_IDENTIFIER = mattkeyzer.CovidCTTests;
				PRODUCT_NAME = "$(TARGET_NAME)";
				SWIFT_EMIT_LOC_STRINGS = NO;
				SWIFT_VERSION = 5.0;
				TARGETED_DEVICE_FAMILY = "1,2";
				TEST_HOST = "$(BUILT_PRODUCTS_DIR)/CovidCT.app/$(BUNDLE_EXECUTABLE_FOLDER_PATH)/CovidCT";
			};
			name = Release;
		};
		C930F52D2B76DE54004A7F0B /* Debug */ = {
			isa = XCBuildConfiguration;
			buildSettings = {
				ALWAYS_EMBED_SWIFT_STANDARD_LIBRARIES = YES;
				CODE_SIGN_STYLE = Automatic;
				CURRENT_PROJECT_VERSION = 1;
				GENERATE_INFOPLIST_FILE = YES;
				MARKETING_VERSION = 1.0;
				PRODUCT_BUNDLE_IDENTIFIER = mattkeyzer.CovidCTUITests;
				PRODUCT_NAME = "$(TARGET_NAME)";
				SWIFT_EMIT_LOC_STRINGS = NO;
				SWIFT_VERSION = 5.0;
				TARGETED_DEVICE_FAMILY = "1,2";
				TEST_TARGET_NAME = CovidCT;
			};
			name = Debug;
		};
		C930F52E2B76DE54004A7F0B /* Release */ = {
			isa = XCBuildConfiguration;
			buildSettings = {
				ALWAYS_EMBED_SWIFT_STANDARD_LIBRARIES = YES;
				CODE_SIGN_STYLE = Automatic;
				CURRENT_PROJECT_VERSION = 1;
				GENERATE_INFOPLIST_FILE = YES;
				MARKETING_VERSION = 1.0;
				PRODUCT_BUNDLE_IDENTIFIER = mattkeyzer.CovidCTUITests;
				PRODUCT_NAME = "$(TARGET_NAME)";
				SWIFT_EMIT_LOC_STRINGS = NO;
				SWIFT_VERSION = 5.0;
				TARGETED_DEVICE_FAMILY = "1,2";
				TEST_TARGET_NAME = CovidCT;
			};
			name = Release;
		};
/* End XCBuildConfiguration section */

/* Begin XCConfigurationList section */
		C930F4F82B76DE53004A7F0B /* Build configuration list for PBXProject "CovidCT" */ = {
			isa = XCConfigurationList;
			buildConfigurations = (
				C930F5242B76DE54004A7F0B /* Debug */,
				C930F5252B76DE54004A7F0B /* Release */,
			);
			defaultConfigurationIsVisible = 0;
			defaultConfigurationName = Release;
		};
		C930F5262B76DE54004A7F0B /* Build configuration list for PBXNativeTarget "CovidCT" */ = {
			isa = XCConfigurationList;
			buildConfigurations = (
				C930F5272B76DE54004A7F0B /* Debug */,
				C930F5282B76DE54004A7F0B /* Release */,
			);
			defaultConfigurationIsVisible = 0;
			defaultConfigurationName = Release;
		};
		C930F5292B76DE54004A7F0B /* Build configuration list for PBXNativeTarget "CovidCTTests" */ = {
			isa = XCConfigurationList;
			buildConfigurations = (
				C930F52A2B76DE54004A7F0B /* Debug */,
				C930F52B2B76DE54004A7F0B /* Release */,
			);
			defaultConfigurationIsVisible = 0;
			defaultConfigurationName = Release;
		};
		C930F52C2B76DE54004A7F0B /* Build configuration list for PBXNativeTarget "CovidCTUITests" */ = {
			isa = XCConfigurationList;
			buildConfigurations = (
				C930F52D2B76DE54004A7F0B /* Debug */,
				C930F52E2B76DE54004A7F0B /* Release */,
			);
			defaultConfigurationIsVisible = 0;
			defaultConfigurationName = Release;
		};
/* End XCConfigurationList section */

/* Begin XCVersionGroup section */
		C930F50B2B76DE54004A7F0B /* CovidCT.xcdatamodeld */ = {
			isa = XCVersionGroup;
			children = (
				C930F50C2B76DE54004A7F0B /* CovidCT.xcdatamodel */,
			);
			currentVersion = C930F50C2B76DE54004A7F0B /* CovidCT.xcdatamodel */;
			path = CovidCT.xcdatamodeld;
			sourceTree = "<group>";
			versionGroupType = wrapper.xcdatamodel;
		};
/* End XCVersionGroup section */
	};
	rootObject = C930F4F52B76DE53004A7F0B /* Project object */;
}
